
Microsoft Visual Studio Solution File, Format Version 12.00
# Visual Studio Version 16
VisualStudioVersion = 16.0.33214.272
MinimumVisualStudioVersion = 10.0.40219.1
Project("{FAE04EC0-301F-11D3-BF4B-00C04F79EFBC}") = "myproject", "myproject\myproject.csproj", "{3BDC7D5B-4480-4935-8B5A-A94E301D697E}"
EndProject
Global
	GlobalSection(SolutionConfigurationPlatforms) = preSolution
		Debug|Any CPU = Debug|Any CPU
		Release|Any CPU = Release|Any CPU
	EndGlobalSection
	GlobalSection(ProjectConfigurationPlatforms) = postSolution
		{3BDC7D5B-4480-4935-8B5A-A94E301D697E}.Debug|Any CPU.ActiveCfg = Debug|Any CPU
		{3BDC7D5B-4480-4935-8B5A-A94E301D697E}.Debug|Any CPU.Build.0 = Debug|Any CPU
		{3BDC7D5B-4480-4935-8B5A-A94E301D697E}.Release|Any CPU.ActiveCfg = Release|Any CPU
		{3BDC7D5B-4480-4935-8B5A-A94E301D697E}.Release|Any CPU.Build.0 = Release|Any CPU
	EndGlobalSection
	GlobalSection(SolutionProperties) = preSolution
		HideSolutionNode = FALSE
	EndGlobalSection
	GlobalSection(ExtensibilityGlobals) = postSolution
		SolutionGuid = {7B081A65-903F-438B-BFF0-F41A7CDD6F64}
	EndGlobalSection
EndGlobal
